
Microsoft Visual Studio Solution File, Format Version 12.00
# Visual Studio Version 17
VisualStudioVersion = 17.2.32616.157
MinimumVisualStudioVersion = 10.0.40219.1
Project("{FAE04EC0-301F-11D3-BF4B-00C04F79EFBC}") = "Colegio", "Colegio\Colegio.csproj", "{6A32380E-AD40-4B09-AE25-30E1CF4FD36E}"
EndProject
Global
	GlobalSection(SolutionConfigurationPlatforms) = preSolution
		Debug|Any CPU = Debug|Any CPU
		Release|Any CPU = Release|Any CPU
	EndGlobalSection
	GlobalSection(ProjectConfigurationPlatforms) = postSolution
		{6A32380E-AD40-4B09-AE25-30E1CF4FD36E}.Debug|Any CPU.ActiveCfg = Debug|Any CPU
		{6A32380E-AD40-4B09-AE25-30E1CF4FD36E}.Debug|Any CPU.Build.0 = Debug|Any CPU
		{6A32380E-AD40-4B09-AE25-30E1CF4FD36E}.Release|Any CPU.ActiveCfg = Release|Any CPU
		{6A32380E-AD40-4B09-AE25-30E1CF4FD36E}.Release|Any CPU.Build.0 = Release|Any CPU
	EndGlobalSection
	GlobalSection(SolutionProperties) = preSolution
		HideSolutionNode = FALSE
	EndGlobalSection
	GlobalSection(ExtensibilityGlobals) = postSolution
		SolutionGuid = {0E810D1C-DD2D-4B29-B24C-CD057D9BFF24}
	EndGlobalSection
EndGlobal
